
Microsoft Visual Studio Solution File, Format Version 12.00
# Visual Studio Version 17
VisualStudioVersion = 17.4.33403.182
MinimumVisualStudioVersion = 10.0.40219.1
Project("{9A19103F-16F7-4668-BE54-9A1E7A4F7556}") = "Patterns.Observer", "Patterns.Observer\Patterns.Observer.csproj", "{362AA54C-47FD-46DB-BE26-BC162B8E19EC}"
EndProject
Project("{FAE04EC0-301F-11D3-BF4B-00C04F79EFBC}") = "Patterns.Mediatr", "Patterns.Mediatr\Patterns.Mediatr.csproj", "{F5E401E2-A1F1-4ED2-8877-9A8035A8EB2A}"
EndProject
Project("{FAE04EC0-301F-11D3-BF4B-00C04F79EFBC}") = "Patterns.Iterator", "Patterns.Iterator\Patterns.Iterator.csproj", "{DB9CF744-39F7-4B83-862F-8F34E006A81A}"
EndProject
Global
	GlobalSection(SolutionConfigurationPlatforms) = preSolution
		Debug|Any CPU = Debug|Any CPU
		Release|Any CPU = Release|Any CPU
	EndGlobalSection
	GlobalSection(ProjectConfigurationPlatforms) = postSolution
		{362AA54C-47FD-46DB-BE26-BC162B8E19EC}.Debug|Any CPU.ActiveCfg = Debug|Any CPU
		{362AA54C-47FD-46DB-BE26-BC162B8E19EC}.Debug|Any CPU.Build.0 = Debug|Any CPU
		{362AA54C-47FD-46DB-BE26-BC162B8E19EC}.Release|Any CPU.ActiveCfg = Release|Any CPU
		{362AA54C-47FD-46DB-BE26-BC162B8E19EC}.Release|Any CPU.Build.0 = Release|Any CPU
		{F5E401E2-A1F1-4ED2-8877-9A8035A8EB2A}.Debug|Any CPU.ActiveCfg = Debug|Any CPU
		{F5E401E2-A1F1-4ED2-8877-9A8035A8EB2A}.Debug|Any CPU.Build.0 = Debug|Any CPU
		{F5E401E2-A1F1-4ED2-8877-9A8035A8EB2A}.Release|Any CPU.ActiveCfg = Release|Any CPU
		{F5E401E2-A1F1-4ED2-8877-9A8035A8EB2A}.Release|Any CPU.Build.0 = Release|Any CPU
		{DB9CF744-39F7-4B83-862F-8F34E006A81A}.Debug|Any CPU.ActiveCfg = Debug|Any CPU
		{DB9CF744-39F7-4B83-862F-8F34E006A81A}.Debug|Any CPU.Build.0 = Debug|Any CPU
		{DB9CF744-39F7-4B83-862F-8F34E006A81A}.Release|Any CPU.ActiveCfg = Release|Any CPU
		{DB9CF744-39F7-4B83-862F-8F34E006A81A}.Release|Any CPU.Build.0 = Release|Any CPU
	EndGlobalSection
	GlobalSection(SolutionProperties) = preSolution
		HideSolutionNode = FALSE
	EndGlobalSection
	GlobalSection(ExtensibilityGlobals) = postSolution
		SolutionGuid = {E26E0EC2-CAA3-43A0-961F-A7AA2B5B911D}
	EndGlobalSection
EndGlobal
